
Microsoft Visual Studio Solution File, Format Version 12.00
# Visual Studio Version 17
VisualStudioVersion = 17.8.34316.72
MinimumVisualStudioVersion = 10.0.40219.1
Project("{FAE04EC0-301F-11D3-BF4B-00C04F79EFBC}") = "Lab01", "Lab01.csproj", "{AE04A9E3-CC10-4F93-9C9F-DA616FF333DF}"
EndProject
Project("{FAE04EC0-301F-11D3-BF4B-00C04F79EFBC}") = "Shared", "Shared\Shared.csproj", "{3B538AD0-3A04-4029-A481-56972A9A5642}"
EndProject
Project("{FAE04EC0-301F-11D3-BF4B-00C04F79EFBC}") = "Windows", "Windows\Windows.csproj", "{8F58B39E-A16D-4CBF-A240-240B9A52E832}"
EndProject
Project("{FAE04EC0-301F-11D3-BF4B-00C04F79EFBC}") = "Web", "Web\Web.csproj", "{8BAE4C3E-80F2-4B9D-BE92-E3E5008ACE30}"
EndProject
Project("{FAE04EC0-301F-11D3-BF4B-00C04F79EFBC}") = "Consola", "Consola\Consola.csproj", "{137A9A06-70EB-4C04-9568-46FB8EB4181F}"
EndProject
Global
	GlobalSection(SolutionConfigurationPlatforms) = preSolution
		Debug|Any CPU = Debug|Any CPU
		Release|Any CPU = Release|Any CPU
	EndGlobalSection
	GlobalSection(ProjectConfigurationPlatforms) = postSolution
		{AE04A9E3-CC10-4F93-9C9F-DA616FF333DF}.Debug|Any CPU.ActiveCfg = Debug|Any CPU
		{AE04A9E3-CC10-4F93-9C9F-DA616FF333DF}.Debug|Any CPU.Build.0 = Debug|Any CPU
		{AE04A9E3-CC10-4F93-9C9F-DA616FF333DF}.Release|Any CPU.ActiveCfg = Release|Any CPU
		{AE04A9E3-CC10-4F93-9C9F-DA616FF333DF}.Release|Any CPU.Build.0 = Release|Any CPU
		{3B538AD0-3A04-4029-A481-56972A9A5642}.Debug|Any CPU.ActiveCfg = Debug|Any CPU
		{3B538AD0-3A04-4029-A481-56972A9A5642}.Debug|Any CPU.Build.0 = Debug|Any CPU
		{3B538AD0-3A04-4029-A481-56972A9A5642}.Release|Any CPU.ActiveCfg = Release|Any CPU
		{3B538AD0-3A04-4029-A481-56972A9A5642}.Release|Any CPU.Build.0 = Release|Any CPU
		{8F58B39E-A16D-4CBF-A240-240B9A52E832}.Debug|Any CPU.ActiveCfg = Debug|Any CPU
		{8F58B39E-A16D-4CBF-A240-240B9A52E832}.Debug|Any CPU.Build.0 = Debug|Any CPU
		{8F58B39E-A16D-4CBF-A240-240B9A52E832}.Release|Any CPU.ActiveCfg = Release|Any CPU
		{8F58B39E-A16D-4CBF-A240-240B9A52E832}.Release|Any CPU.Build.0 = Release|Any CPU
		{8BAE4C3E-80F2-4B9D-BE92-E3E5008ACE30}.Debug|Any CPU.ActiveCfg = Debug|Any CPU
		{8BAE4C3E-80F2-4B9D-BE92-E3E5008ACE30}.Debug|Any CPU.Build.0 = Debug|Any CPU
		{8BAE4C3E-80F2-4B9D-BE92-E3E5008ACE30}.Release|Any CPU.ActiveCfg = Release|Any CPU
		{8BAE4C3E-80F2-4B9D-BE92-E3E5008ACE30}.Release|Any CPU.Build.0 = Release|Any CPU
		{137A9A06-70EB-4C04-9568-46FB8EB4181F}.Debug|Any CPU.ActiveCfg = Debug|Any CPU
		{137A9A06-70EB-4C04-9568-46FB8EB4181F}.Debug|Any CPU.Build.0 = Debug|Any CPU
		{137A9A06-70EB-4C04-9568-46FB8EB4181F}.Release|Any CPU.ActiveCfg = Release|Any CPU
		{137A9A06-70EB-4C04-9568-46FB8EB4181F}.Release|Any CPU.Build.0 = Release|Any CPU
	EndGlobalSection
	GlobalSection(SolutionProperties) = preSolution
		HideSolutionNode = FALSE
	EndGlobalSection
	GlobalSection(ExtensibilityGlobals) = postSolution
		SolutionGuid = {09D78762-21D5-47BA-8C7B-6FC50E284072}
	EndGlobalSection
EndGlobal
