
Microsoft Visual Studio Solution File, Format Version 12.00
# Visual Studio Version 17
VisualStudioVersion = 17.8.34316.72
MinimumVisualStudioVersion = 10.0.40219.1
Project("{9A19103F-16F7-4668-BE54-9A1E7A4F7556}") = "Lab01", "Lab01.csproj", "{4FFD369A-9013-4107-8C5D-E5267C3483DF}"
EndProject
Project("{FAE04EC0-301F-11D3-BF4B-00C04F79EFBC}") = "Lab02", "..\Lab02\Lab02.csproj", "{EA37EA0B-D7BA-456E-A96C-E3687CDC039D}"
EndProject
Global
	GlobalSection(SolutionConfigurationPlatforms) = preSolution
		Debug|Any CPU = Debug|Any CPU
		Release|Any CPU = Release|Any CPU
	EndGlobalSection
	GlobalSection(ProjectConfigurationPlatforms) = postSolution
		{4FFD369A-9013-4107-8C5D-E5267C3483DF}.Debug|Any CPU.ActiveCfg = Debug|Any CPU
		{4FFD369A-9013-4107-8C5D-E5267C3483DF}.Debug|Any CPU.Build.0 = Debug|Any CPU
		{4FFD369A-9013-4107-8C5D-E5267C3483DF}.Release|Any CPU.ActiveCfg = Release|Any CPU
		{4FFD369A-9013-4107-8C5D-E5267C3483DF}.Release|Any CPU.Build.0 = Release|Any CPU
		{EA37EA0B-D7BA-456E-A96C-E3687CDC039D}.Debug|Any CPU.ActiveCfg = Debug|Any CPU
		{EA37EA0B-D7BA-456E-A96C-E3687CDC039D}.Debug|Any CPU.Build.0 = Debug|Any CPU
		{EA37EA0B-D7BA-456E-A96C-E3687CDC039D}.Release|Any CPU.ActiveCfg = Release|Any CPU
		{EA37EA0B-D7BA-456E-A96C-E3687CDC039D}.Release|Any CPU.Build.0 = Release|Any CPU
	EndGlobalSection
	GlobalSection(SolutionProperties) = preSolution
		HideSolutionNode = FALSE
	EndGlobalSection
	GlobalSection(ExtensibilityGlobals) = postSolution
		SolutionGuid = {EADEEA6B-5C9E-4867-B5D1-E4852F191A8E}
	EndGlobalSection
EndGlobal
